// !$*UTF8*$!
{
	archiveVersion = 1;
	classes = {
	};
	objectVersion = 56;
	objects = {

/* Begin PBXBuildFile section */
		A4390D9029A5271E002BC6C3 /* fifeApp.swift in Sources */ = {isa = PBXBuildFile; fileRef = A4390D8F29A5271E002BC6C3 /* fifeApp.swift */; };
		A4390D9229A5271E002BC6C3 /* ContentView.swift in Sources */ = {isa = PBXBuildFile; fileRef = A4390D9129A5271E002BC6C3 /* ContentView.swift */; };
		A4390D9429A5271F002BC6C3 /* Assets.xcassets in Resources */ = {isa = PBXBuildFile; fileRef = A4390D9329A5271F002BC6C3 /* Assets.xcassets */; };
		A4390D9729A5271F002BC6C3 /* Preview Assets.xcassets in Resources */ = {isa = PBXBuildFile; fileRef = A4390D9629A5271F002BC6C3 /* Preview Assets.xcassets */; };
		A4390D9929A5271F002BC6C3 /* Persistence.swift in Sources */ = {isa = PBXBuildFile; fileRef = A4390D9829A5271F002BC6C3 /* Persistence.swift */; };
		A4390D9C29A5271F002BC6C3 /* fife.xcdatamodeld in Sources */ = {isa = PBXBuildFile; fileRef = A4390D9A29A5271F002BC6C3 /* fife.xcdatamodeld */; };
		A4390DA729A5271F002BC6C3 /* fifeTests.swift in Sources */ = {isa = PBXBuildFile; fileRef = A4390DA629A5271F002BC6C3 /* fifeTests.swift */; };
		A4390DB129A5271F002BC6C3 /* fifeUITests.swift in Sources */ = {isa = PBXBuildFile; fileRef = A4390DB029A5271F002BC6C3 /* fifeUITests.swift */; };
		A4390DB329A5271F002BC6C3 /* fifeUITestsLaunchTests.swift in Sources */ = {isa = PBXBuildFile; fileRef = A4390DB229A5271F002BC6C3 /* fifeUITestsLaunchTests.swift */; };
/* End PBXBuildFile section */

/* Begin PBXContainerItemProxy section */
		A4390DA329A5271F002BC6C3 /* PBXContainerItemProxy */ = {
			isa = PBXContainerItemProxy;
			containerPortal = A4390D8429A5271E002BC6C3 /* Project object */;
			proxyType = 1;
			remoteGlobalIDString = A4390D8B29A5271E002BC6C3;
			remoteInfo = fife;
		};
		A4390DAD29A5271F002BC6C3 /* PBXContainerItemProxy */ = {
			isa = PBXContainerItemProxy;
			containerPortal = A4390D8429A5271E002BC6C3 /* Project object */;
			proxyType = 1;
			remoteGlobalIDString = A4390D8B29A5271E002BC6C3;
			remoteInfo = fife;
		};
/* End PBXContainerItemProxy section */

/* Begin PBXFileReference section */
		A4390D8C29A5271E002BC6C3 /* fife.app */ = {isa = PBXFileReference; explicitFileType = wrapper.application; includeInIndex = 0; path = fife.app; sourceTree = BUILT_PRODUCTS_DIR; };
		A4390D8F29A5271E002BC6C3 /* fifeApp.swift */ = {isa = PBXFileReference; lastKnownFileType = sourcecode.swift; path = fifeApp.swift; sourceTree = "<group>"; };
		A4390D9129A5271E002BC6C3 /* ContentView.swift */ = {isa = PBXFileReference; lastKnownFileType = sourcecode.swift; path = ContentView.swift; sourceTree = "<group>"; };
		A4390D9329A5271F002BC6C3 /* Assets.xcassets */ = {isa = PBXFileReference; lastKnownFileType = folder.assetcatalog; path = Assets.xcassets; sourceTree = "<group>"; };
		A4390D9629A5271F002BC6C3 /* Preview Assets.xcassets */ = {isa = PBXFileReference; lastKnownFileType = folder.assetcatalog; path = "Preview Assets.xcassets"; sourceTree = "<group>"; };
		A4390D9829A5271F002BC6C3 /* Persistence.swift */ = {isa = PBXFileReference; lastKnownFileType = sourcecode.swift; path = Persistence.swift; sourceTree = "<group>"; };
		A4390D9B29A5271F002BC6C3 /* fife.xcdatamodel */ = {isa = PBXFileReference; lastKnownFileType = wrapper.xcdatamodel; path = fife.xcdatamodel; sourceTree = "<group>"; };
		A4390D9D29A5271F002BC6C3 /* Info.plist */ = {isa = PBXFileReference; lastKnownFileType = text.plist.xml; path = Info.plist; sourceTree = "<group>"; };
		A4390DA229A5271F002BC6C3 /* fifeTests.xctest */ = {isa = PBXFileReference; explicitFileType = wrapper.cfbundle; includeInIndex = 0; path = fifeTests.xctest; sourceTree = BUILT_PRODUCTS_DIR; };
		A4390DA629A5271F002BC6C3 /* fifeTests.swift */ = {isa = PBXFileReference; lastKnownFileType = sourcecode.swift; path = fifeTests.swift; sourceTree = "<group>"; };
		A4390DAC29A5271F002BC6C3 /* fifeUITests.xctest */ = {isa = PBXFileReference; explicitFileType = wrapper.cfbundle; includeInIndex = 0; path = fifeUITests.xctest; sourceTree = BUILT_PRODUCTS_DIR; };
		A4390DB029A5271F002BC6C3 /* fifeUITests.swift */ = {isa = PBXFileReference; lastKnownFileType = sourcecode.swift; path = fifeUITests.swift; sourceTree = "<group>"; };
		A4390DB229A5271F002BC6C3 /* fifeUITestsLaunchTests.swift */ = {isa = PBXFileReference; lastKnownFileType = sourcecode.swift; path = fifeUITestsLaunchTests.swift; sourceTree = "<group>"; };
/* End PBXFileReference section */

/* Begin PBXFrameworksBuildPhase section */
		A4390D8929A5271E002BC6C3 /* Frameworks */ = {
			isa = PBXFrameworksBuildPhase;
			buildActionMask = 2147483647;
			files = (
			);
			runOnlyForDeploymentPostprocessing = 0;
		};
		A4390D9F29A5271F002BC6C3 /* Frameworks */ = {
			isa = PBXFrameworksBuildPhase;
			buildActionMask = 2147483647;
			files = (
			);
			runOnlyForDeploymentPostprocessing = 0;
		};
		A4390DA929A5271F002BC6C3 /* Frameworks */ = {
			isa = PBXFrameworksBuildPhase;
			buildActionMask = 2147483647;
			files = (
			);
			runOnlyForDeploymentPostprocessing = 0;
		};
/* End PBXFrameworksBuildPhase section */

/* Begin PBXGroup section */
		A4390D8329A5271E002BC6C3 = {
			isa = PBXGroup;
			children = (
				A4390D8E29A5271E002BC6C3 /* fife */,
				A4390DA529A5271F002BC6C3 /* fifeTests */,
				A4390DAF29A5271F002BC6C3 /* fifeUITests */,
				A4390D8D29A5271E002BC6C3 /* Products */,
			);
			sourceTree = "<group>";
		};
		A4390D8D29A5271E002BC6C3 /* Products */ = {
			isa = PBXGroup;
			children = (
				A4390D8C29A5271E002BC6C3 /* fife.app */,
				A4390DA229A5271F002BC6C3 /* fifeTests.xctest */,
				A4390DAC29A5271F002BC6C3 /* fifeUITests.xctest */,
			);
			name = Products;
			sourceTree = "<group>";
		};
		A4390D8E29A5271E002BC6C3 /* fife */ = {
			isa = PBXGroup;
			children = (
				A4390D8F29A5271E002BC6C3 /* fifeApp.swift */,
				A4390D9129A5271E002BC6C3 /* ContentView.swift */,
				A4390D9329A5271F002BC6C3 /* Assets.xcassets */,
				A4390D9829A5271F002BC6C3 /* Persistence.swift */,
				A4390D9D29A5271F002BC6C3 /* Info.plist */,
				A4390D9A29A5271F002BC6C3 /* fife.xcdatamodeld */,
				A4390D9529A5271F002BC6C3 /* Preview Content */,
			);
			path = fife;
			sourceTree = "<group>";
		};
		A4390D9529A5271F002BC6C3 /* Preview Content */ = {
			isa = PBXGroup;
			children = (
				A4390D9629A5271F002BC6C3 /* Preview Assets.xcassets */,
			);
			path = "Preview Content";
			sourceTree = "<group>";
		};
		A4390DA529A5271F002BC6C3 /* fifeTests */ = {
			isa = PBXGroup;
			children = (
				A4390DA629A5271F002BC6C3 /* fifeTests.swift */,
			);
			path = fifeTests;
			sourceTree = "<group>";
		};
		A4390DAF29A5271F002BC6C3 /* fifeUITests */ = {
			isa = PBXGroup;
			children = (
				A4390DB029A5271F002BC6C3 /* fifeUITests.swift */,
				A4390DB229A5271F002BC6C3 /* fifeUITestsLaunchTests.swift */,
			);
			path = fifeUITests;
			sourceTree = "<group>";
		};
/* End PBXGroup section */

/* Begin PBXNativeTarget section */
		A4390D8B29A5271E002BC6C3 /* fife */ = {
			isa = PBXNativeTarget;
			buildConfigurationList = A4390DB629A5271F002BC6C3 /* Build configuration list for PBXNativeTarget "fife" */;
			buildPhases = (
				A4390D8829A5271E002BC6C3 /* Sources */,
				A4390D8929A5271E002BC6C3 /* Frameworks */,
				A4390D8A29A5271E002BC6C3 /* Resources */,
			);
			buildRules = (
			);
			dependencies = (
			);
			name = fife;
			productName = fife;
			productReference = A4390D8C29A5271E002BC6C3 /* fife.app */;
			productType = "com.apple.product-type.application";
		};
		A4390DA129A5271F002BC6C3 /* fifeTests */ = {
			isa = PBXNativeTarget;
			buildConfigurationList = A4390DB929A5271F002BC6C3 /* Build configuration list for PBXNativeTarget "fifeTests" */;
			buildPhases = (
				A4390D9E29A5271F002BC6C3 /* Sources */,
				A4390D9F29A5271F002BC6C3 /* Frameworks */,
				A4390DA029A5271F002BC6C3 /* Resources */,
			);
			buildRules = (
			);
			dependencies = (
				A4390DA429A5271F002BC6C3 /* PBXTargetDependency */,
			);
			name = fifeTests;
			productName = fifeTests;
			productReference = A4390DA229A5271F002BC6C3 /* fifeTests.xctest */;
			productType = "com.apple.product-type.bundle.unit-test";
		};
		A4390DAB29A5271F002BC6C3 /* fifeUITests */ = {
			isa = PBXNativeTarget;
			buildConfigurationList = A4390DBC29A5271F002BC6C3 /* Build configuration list for PBXNativeTarget "fifeUITests" */;
			buildPhases = (
				A4390DA829A5271F002BC6C3 /* Sources */,
				A4390DA929A5271F002BC6C3 /* Frameworks */,
				A4390DAA29A5271F002BC6C3 /* Resources */,
			);
			buildRules = (
			);
			dependencies = (
				A4390DAE29A5271F002BC6C3 /* PBXTargetDependency */,
			);
			name = fifeUITests;
			productName = fifeUITests;
			productReference = A4390DAC29A5271F002BC6C3 /* fifeUITests.xctest */;
			productType = "com.apple.product-type.bundle.ui-testing";
		};
/* End PBXNativeTarget section */

/* Begin PBXProject section */
		A4390D8429A5271E002BC6C3 /* Project object */ = {
			isa = PBXProject;
			attributes = {
				BuildIndependentTargetsInParallel = 1;
				LastSwiftUpdateCheck = 1420;
				LastUpgradeCheck = 1420;
				TargetAttributes = {
					A4390D8B29A5271E002BC6C3 = {
						CreatedOnToolsVersion = 14.2;
					};
					A4390DA129A5271F002BC6C3 = {
						CreatedOnToolsVersion = 14.2;
						TestTargetID = A4390D8B29A5271E002BC6C3;
					};
					A4390DAB29A5271F002BC6C3 = {
						CreatedOnToolsVersion = 14.2;
						TestTargetID = A4390D8B29A5271E002BC6C3;
					};
				};
			};
			buildConfigurationList = A4390D8729A5271E002BC6C3 /* Build configuration list for PBXProject "fife" */;
			compatibilityVersion = "Xcode 14.0";
			developmentRegion = en;
			hasScannedForEncodings = 0;
			knownRegions = (
				en,
				Base,
			);
			mainGroup = A4390D8329A5271E002BC6C3;
			productRefGroup = A4390D8D29A5271E002BC6C3 /* Products */;
			projectDirPath = "";
			projectRoot = "";
			targets = (
				A4390D8B29A5271E002BC6C3 /* fife */,
				A4390DA129A5271F002BC6C3 /* fifeTests */,
				A4390DAB29A5271F002BC6C3 /* fifeUITests */,
			);
		};
/* End PBXProject section */

/* Begin PBXResourcesBuildPhase section */
		A4390D8A29A5271E002BC6C3 /* Resources */ = {
			isa = PBXResourcesBuildPhase;
			buildActionMask = 2147483647;
			files = (
				A4390D9729A5271F002BC6C3 /* Preview Assets.xcassets in Resources */,
				A4390D9429A5271F002BC6C3 /* Assets.xcassets in Resources */,
			);
			runOnlyForDeploymentPostprocessing = 0;
		};
		A4390DA029A5271F002BC6C3 /* Resources */ = {
			isa = PBXResourcesBuildPhase;
			buildActionMask = 2147483647;
			files = (
			);
			runOnlyForDeploymentPostprocessing = 0;
		};
		A4390DAA29A5271F002BC6C3 /* Resources */ = {
			isa = PBXResourcesBuildPhase;
			buildActionMask = 2147483647;
			files = (
			);
			runOnlyForDeploymentPostprocessing = 0;
		};
/* End PBXResourcesBuildPhase section */

/* Begin PBXSourcesBuildPhase section */
		A4390D8829A5271E002BC6C3 /* Sources */ = {
			isa = PBXSourcesBuildPhase;
			buildActionMask = 2147483647;
			files = (
				A4390D9929A5271F002BC6C3 /* Persistence.swift in Sources */,
				A4390D9229A5271E002BC6C3 /* ContentView.swift in Sources */,
				A4390D9029A5271E002BC6C3 /* fifeApp.swift in Sources */,
				A4390D9C29A5271F002BC6C3 /* fife.xcdatamodeld in Sources */,
			);
			runOnlyForDeploymentPostprocessing = 0;
		};
		A4390D9E29A5271F002BC6C3 /* Sources */ = {
			isa = PBXSourcesBuildPhase;
			buildActionMask = 2147483647;
			files = (
				A4390DA729A5271F002BC6C3 /* fifeTests.swift in Sources */,
			);
			runOnlyForDeploymentPostprocessing = 0;
		};
		A4390DA829A5271F002BC6C3 /* Sources */ = {
			isa = PBXSourcesBuildPhase;
			buildActionMask = 2147483647;
			files = (
				A4390DB329A5271F002BC6C3 /* fifeUITestsLaunchTests.swift in Sources */,
				A4390DB129A5271F002BC6C3 /* fifeUITests.swift in Sources */,
			);
			runOnlyForDeploymentPostprocessing = 0;
		};
/* End PBXSourcesBuildPhase section */

/* Begin PBXTargetDependency section */
		A4390DA429A5271F002BC6C3 /* PBXTargetDependency */ = {
			isa = PBXTargetDependency;
			target = A4390D8B29A5271E002BC6C3 /* fife */;
			targetProxy = A4390DA329A5271F002BC6C3 /* PBXContainerItemProxy */;
		};
		A4390DAE29A5271F002BC6C3 /* PBXTargetDependency */ = {
			isa = PBXTargetDependency;
			target = A4390D8B29A5271E002BC6C3 /* fife */;
			targetProxy = A4390DAD29A5271F002BC6C3 /* PBXContainerItemProxy */;
		};
/* End PBXTargetDependency section */

/* Begin XCBuildConfiguration section */
		A4390DB429A5271F002BC6C3 /* Debug */ = {
			isa = XCBuildConfiguration;
			buildSettings = {
				ALWAYS_SEARCH_USER_PATHS = NO;
				CLANG_ANALYZER_NONNULL = YES;
				CLANG_ANALYZER_NUMBER_OBJECT_CONVERSION = YES_AGGRESSIVE;
				CLANG_CXX_LANGUAGE_STANDARD = "gnu++20";
				CLANG_ENABLE_MODULES = YES;
				CLANG_ENABLE_OBJC_ARC = YES;
				CLANG_ENABLE_OBJC_WEAK = YES;
				CLANG_WARN_BLOCK_CAPTURE_AUTORELEASING = YES;
				CLANG_WARN_BOOL_CONVERSION = YES;
				CLANG_WARN_COMMA = YES;
				CLANG_WARN_CONSTANT_CONVERSION = YES;
				CLANG_WARN_DEPRECATED_OBJC_IMPLEMENTATIONS = YES;
				CLANG_WARN_DIRECT_OBJC_ISA_USAGE = YES_ERROR;
				CLANG_WARN_DOCUMENTATION_COMMENTS = YES;
				CLANG_WARN_EMPTY_BODY = YES;
				CLANG_WARN_ENUM_CONVERSION = YES;
				CLANG_WARN_INFINITE_RECURSION = YES;
				CLANG_WARN_INT_CONVERSION = YES;
				CLANG_WARN_NON_LITERAL_NULL_CONVERSION = YES;
				CLANG_WARN_OBJC_IMPLICIT_RETAIN_SELF = YES;
				CLANG_WARN_OBJC_LITERAL_CONVERSION = YES;
				CLANG_WARN_OBJC_ROOT_CLASS = YES_ERROR;
				CLANG_WARN_QUOTED_INCLUDE_IN_FRAMEWORK_HEADER = YES;
				CLANG_WARN_RANGE_LOOP_ANALYSIS = YES;
				CLANG_WARN_STRICT_PROTOTYPES = YES;
				CLANG_WARN_SUSPICIOUS_MOVE = YES;
				CLANG_WARN_UNGUARDED_AVAILABILITY = YES_AGGRESSIVE;
				CLANG_WARN_UNREACHABLE_CODE = YES;
				CLANG_WARN__DUPLICATE_METHOD_MATCH = YES;
				COPY_PHASE_STRIP = NO;
				DEBUG_INFORMATION_FORMAT = dwarf;
				ENABLE_STRICT_OBJC_MSGSEND = YES;
				ENABLE_TESTABILITY = YES;
				GCC_C_LANGUAGE_STANDARD = gnu11;
				GCC_DYNAMIC_NO_PIC = NO;
				GCC_NO_COMMON_BLOCKS = YES;
				GCC_OPTIMIZATION_LEVEL = 0;
				GCC_PREPROCESSOR_DEFINITIONS = (
					"DEBUG=1",
					"$(inherited)",
				);
				GCC_WARN_64_TO_32_BIT_CONVERSION = YES;
				GCC_WARN_ABOUT_RETURN_TYPE = YES_ERROR;
				GCC_WARN_UNDECLARED_SELECTOR = YES;
				GCC_WARN_UNINITIALIZED_AUTOS = YES_AGGRESSIVE;
				GCC_WARN_UNUSED_FUNCTION = YES;
				GCC_WARN_UNUSED_VARIABLE = YES;
				IPHONEOS_DEPLOYMENT_TARGET = 16.2;
				MTL_ENABLE_DEBUG_INFO = INCLUDE_SOURCE;
				MTL_FAST_MATH = YES;
				ONLY_ACTIVE_ARCH = YES;
				SDKROOT = iphoneos;
				SWIFT_ACTIVE_COMPILATION_CONDITIONS = DEBUG;
				SWIFT_OPTIMIZATION_LEVEL = "-Onone";
			};
			name = Debug;
		};
		A4390DB529A5271F002BC6C3 /* Release */ = {
			isa = XCBuildConfiguration;
			buildSettings = {
				ALWAYS_SEARCH_USER_PATHS = NO;
				CLANG_ANALYZER_NONNULL = YES;
				CLANG_ANALYZER_NUMBER_OBJECT_CONVERSION = YES_AGGRESSIVE;
				CLANG_CXX_LANGUAGE_STANDARD = "gnu++20";
				CLANG_ENABLE_MODULES = YES;
				CLANG_ENABLE_OBJC_ARC = YES;
				CLANG_ENABLE_OBJC_WEAK = YES;
				CLANG_WARN_BLOCK_CAPTURE_AUTORELEASING = YES;
				CLANG_WARN_BOOL_CONVERSION = YES;
				CLANG_WARN_COMMA = YES;
				CLANG_WARN_CONSTANT_CONVERSION = YES;
				CLANG_WARN_DEPRECATED_OBJC_IMPLEMENTATIONS = YES;
				CLANG_WARN_DIRECT_OBJC_ISA_USAGE = YES_ERROR;
				CLANG_WARN_DOCUMENTATION_COMMENTS = YES;
				CLANG_WARN_EMPTY_BODY = YES;
				CLANG_WARN_ENUM_CONVERSION = YES;
				CLANG_WARN_INFINITE_RECURSION = YES;
				CLANG_WARN_INT_CONVERSION = YES;
				CLANG_WARN_NON_LITERAL_NULL_CONVERSION = YES;
				CLANG_WARN_OBJC_IMPLICIT_RETAIN_SELF = YES;
				CLANG_WARN_OBJC_LITERAL_CONVERSION = YES;
				CLANG_WARN_OBJC_ROOT_CLASS = YES_ERROR;
				CLANG_WARN_QUOTED_INCLUDE_IN_FRAMEWORK_HEADER = YES;
				CLANG_WARN_RANGE_LOOP_ANALYSIS = YES;
				CLANG_WARN_STRICT_PROTOTYPES = YES;
				CLANG_WARN_SUSPICIOUS_MOVE = YES;
				CLANG_WARN_UNGUARDED_AVAILABILITY = YES_AGGRESSIVE;
				CLANG_WARN_UNREACHABLE_CODE = YES;
				CLANG_WARN__DUPLICATE_METHOD_MATCH = YES;
				COPY_PHASE_STRIP = NO;
				DEBUG_INFORMATION_FORMAT = "dwarf-with-dsym";
				ENABLE_NS_ASSERTIONS = NO;
				ENABLE_STRICT_OBJC_MSGSEND = YES;
				GCC_C_LANGUAGE_STANDARD = gnu11;
				GCC_NO_COMMON_BLOCKS = YES;
				GCC_WARN_64_TO_32_BIT_CONVERSION = YES;
				GCC_WARN_ABOUT_RETURN_TYPE = YES_ERROR;
				GCC_WARN_UNDECLARED_SELECTOR = YES;
				GCC_WARN_UNINITIALIZED_AUTOS = YES_AGGRESSIVE;
				GCC_WARN_UNUSED_FUNCTION = YES;
				GCC_WARN_UNUSED_VARIABLE = YES;
				IPHONEOS_DEPLOYMENT_TARGET = 16.2;
				MTL_ENABLE_DEBUG_INFO = NO;
				MTL_FAST_MATH = YES;
				SDKROOT = iphoneos;
				SWIFT_COMPILATION_MODE = wholemodule;
				SWIFT_OPTIMIZATION_LEVEL = "-O";
				VALIDATE_PRODUCT = YES;
			};
			name = Release;
		};
		A4390DB729A5271F002BC6C3 /* Debug */ = {
			isa = XCBuildConfiguration;
			buildSettings = {
				ASSETCATALOG_COMPILER_APPICON_NAME = AppIcon;
				ASSETCATALOG_COMPILER_GLOBAL_ACCENT_COLOR_NAME = AccentColor;
				CODE_SIGN_STYLE = Automatic;
				CURRENT_PROJECT_VERSION = 1;
				DEVELOPMENT_ASSET_PATHS = "\"fife/Preview Content\"";
				DEVELOPMENT_TEAM = 9V8XX88M3P;
				ENABLE_PREVIEWS = YES;
				GENERATE_INFOPLIST_FILE = YES;
				INFOPLIST_KEY_UIApplicationSceneManifest_Generation = YES;
				INFOPLIST_KEY_UIApplicationSupportsIndirectInputEvents = YES;
				INFOPLIST_KEY_UILaunchScreen_Generation = YES;
				INFOPLIST_KEY_UISupportedInterfaceOrientations_iPad = "UIInterfaceOrientationPortrait UIInterfaceOrientationPortraitUpsideDown UIInterfaceOrientationLandscapeLeft UIInterfaceOrientationLandscapeRight";
				INFOPLIST_KEY_UISupportedInterfaceOrientations_iPhone = "UIInterfaceOrientationPortrait UIInterfaceOrientationLandscapeLeft UIInterfaceOrientationLandscapeRight";
				LD_RUNPATH_SEARCH_PATHS = (
					"$(inherited)",
					"@executable_path/Frameworks",
				);
				MARKETING_VERSION = 1.0;
				PRODUCT_BUNDLE_IDENTIFIER = com.lyra.fife;
				PRODUCT_NAME = "$(TARGET_NAME)";
				SWIFT_EMIT_LOC_STRINGS = YES;
				SWIFT_VERSION = 5.0;
				TARGETED_DEVICE_FAMILY = "1,2";
			};
			name = Debug;
		};
		A4390DB829A5271F002BC6C3 /* Release */ = {
			isa = XCBuildConfiguration;
			buildSettings = {
				ASSETCATALOG_COMPILER_APPICON_NAME = AppIcon;
				ASSETCATALOG_COMPILER_GLOBAL_ACCENT_COLOR_NAME = AccentColor;
				CODE_SIGN_STYLE = Automatic;
				CURRENT_PROJECT_VERSION = 1;
				DEVELOPMENT_ASSET_PATHS = "\"fife/Preview Content\"";
				DEVELOPMENT_TEAM = 9V8XX88M3P;
				ENABLE_PREVIEWS = YES;
				GENERATE_INFOPLIST_FILE = YES;
				INFOPLIST_KEY_UIApplicationSceneManifest_Generation = YES;
				INFOPLIST_KEY_UIApplicationSupportsIndirectInputEvents = YES;
				INFOPLIST_KEY_UILaunchScreen_Generation = YES;
				INFOPLIST_KEY_UISupportedInterfaceOrientations_iPad = "UIInterfaceOrientationPortrait UIInterfaceOrientationPortraitUpsideDown UIInterfaceOrientationLandscapeLeft UIInterfaceOrientationLandscapeRight";
				INFOPLIST_KEY_UISupportedInterfaceOrientations_iPhone = "UIInterfaceOrientationPortrait UIInterfaceOrientationLandscapeLeft UIInterfaceOrientationLandscapeRight";
				LD_RUNPATH_SEARCH_PATHS = (
					"$(inherited)",
					"@executable_path/Frameworks",
				);
				MARKETING_VERSION = 1.0;
				PRODUCT_BUNDLE_IDENTIFIER = com.lyra.fife;
				PRODUCT_NAME = "$(TARGET_NAME)";
				SWIFT_EMIT_LOC_STRINGS = YES;
				SWIFT_VERSION = 5.0;
				TARGETED_DEVICE_FAMILY = "1,2";
			};
			name = Release;
		};
		A4390DBA29A5271F002BC6C3 /* Debug */ = {
			isa = XCBuildConfiguration;
			buildSettings = {
				ALWAYS_EMBED_SWIFT_STANDARD_LIBRARIES = YES;
				BUNDLE_LOADER = "$(TEST_HOST)";
				CODE_SIGN_STYLE = Automatic;
				CURRENT_PROJECT_VERSION = 1;
				DEVELOPMENT_TEAM = 9V8XX88M3P;
				GENERATE_INFOPLIST_FILE = YES;
				IPHONEOS_DEPLOYMENT_TARGET = 16.2;
				MARKETING_VERSION = 1.0;
				PRODUCT_BUNDLE_IDENTIFIER = com.lyra.fifeTests;
				PRODUCT_NAME = "$(TARGET_NAME)";
				SWIFT_EMIT_LOC_STRINGS = NO;
				SWIFT_VERSION = 5.0;
				TARGETED_DEVICE_FAMILY = "1,2";
				TEST_HOST = "$(BUILT_PRODUCTS_DIR)/fife.app/$(BUNDLE_EXECUTABLE_FOLDER_PATH)/fife";
			};
			name = Debug;
		};
		A4390DBB29A5271F002BC6C3 /* Release */ = {
			isa = XCBuildConfiguration;
			buildSettings = {
				ALWAYS_EMBED_SWIFT_STANDARD_LIBRARIES = YES;
				BUNDLE_LOADER = "$(TEST_HOST)";
				CODE_SIGN_STYLE = Automatic;
				CURRENT_PROJECT_VERSION = 1;
				DEVELOPMENT_TEAM = 9V8XX88M3P;
				GENERATE_INFOPLIST_FILE = YES;
				IPHONEOS_DEPLOYMENT_TARGET = 16.2;
				MARKETING_VERSION = 1.0;
				PRODUCT_BUNDLE_IDENTIFIER = com.lyra.fifeTests;
				PRODUCT_NAME = "$(TARGET_NAME)";
				SWIFT_EMIT_LOC_STRINGS = NO;
				SWIFT_VERSION = 5.0;
				TARGETED_DEVICE_FAMILY = "1,2";
				TEST_HOST = "$(BUILT_PRODUCTS_DIR)/fife.app/$(BUNDLE_EXECUTABLE_FOLDER_PATH)/fife";
			};
			name = Release;
		};
		A4390DBD29A5271F002BC6C3 /* Debug */ = {
			isa = XCBuildConfiguration;
			buildSettings = {
				ALWAYS_EMBED_SWIFT_STANDARD_LIBRARIES = YES;
				CODE_SIGN_STYLE = Automatic;
				CURRENT_PROJECT_VERSION = 1;
				DEVELOPMENT_TEAM = 9V8XX88M3P;
				GENERATE_INFOPLIST_FILE = YES;
				MARKETING_VERSION = 1.0;
				PRODUCT_BUNDLE_IDENTIFIER = com.lyra.fifeUITests;
				PRODUCT_NAME = "$(TARGET_NAME)";
				SWIFT_EMIT_LOC_STRINGS = NO;
				SWIFT_VERSION = 5.0;
				TARGETED_DEVICE_FAMILY = "1,2";
				TEST_TARGET_NAME = fife;
			};
			name = Debug;
		};
		A4390DBE29A5271F002BC6C3 /* Release */ = {
			isa = XCBuildConfiguration;
			buildSettings = {
				ALWAYS_EMBED_SWIFT_STANDARD_LIBRARIES = YES;
				CODE_SIGN_STYLE = Automatic;
				CURRENT_PROJECT_VERSION = 1;
				DEVELOPMENT_TEAM = 9V8XX88M3P;
				GENERATE_INFOPLIST_FILE = YES;
				MARKETING_VERSION = 1.0;
				PRODUCT_BUNDLE_IDENTIFIER = com.lyra.fifeUITests;
				PRODUCT_NAME = "$(TARGET_NAME)";
				SWIFT_EMIT_LOC_STRINGS = NO;
				SWIFT_VERSION = 5.0;
				TARGETED_DEVICE_FAMILY = "1,2";
				TEST_TARGET_NAME = fife;
			};
			name = Release;
		};
/* End XCBuildConfiguration section */

/* Begin XCConfigurationList section */
		A4390D8729A5271E002BC6C3 /* Build configuration list for PBXProject "fife" */ = {
			isa = XCConfigurationList;
			buildConfigurations = (
				A4390DB429A5271F002BC6C3 /* Debug */,
				A4390DB529A5271F002BC6C3 /* Release */,
			);
			defaultConfigurationIsVisible = 0;
			defaultConfigurationName = Release;
		};
		A4390DB629A5271F002BC6C3 /* Build configuration list for PBXNativeTarget "fife" */ = {
			isa = XCConfigurationList;
			buildConfigurations = (
				A4390DB729A5271F002BC6C3 /* Debug */,
				A4390DB829A5271F002BC6C3 /* Release */,
			);
			defaultConfigurationIsVisible = 0;
			defaultConfigurationName = Release;
		};
		A4390DB929A5271F002BC6C3 /* Build configuration list for PBXNativeTarget "fifeTests" */ = {
			isa = XCConfigurationList;
			buildConfigurations = (
				A4390DBA29A5271F002BC6C3 /* Debug */,
				A4390DBB29A5271F002BC6C3 /* Release */,
			);
			defaultConfigurationIsVisible = 0;
			defaultConfigurationName = Release;
		};
		A4390DBC29A5271F002BC6C3 /* Build configuration list for PBXNativeTarget "fifeUITests" */ = {
			isa = XCConfigurationList;
			buildConfigurations = (
				A4390DBD29A5271F002BC6C3 /* Debug */,
				A4390DBE29A5271F002BC6C3 /* Release */,
			);
			defaultConfigurationIsVisible = 0;
			defaultConfigurationName = Release;
		};
/* End XCConfigurationList section */

/* Begin XCVersionGroup section */
		A4390D9A29A5271F002BC6C3 /* fife.xcdatamodeld */ = {
			isa = XCVersionGroup;
			children = (
				A4390D9B29A5271F002BC6C3 /* fife.xcdatamodel */,
			);
			currentVersion = A4390D9B29A5271F002BC6C3 /* fife.xcdatamodel */;
			path = fife.xcdatamodeld;
			sourceTree = "<group>";
			versionGroupType = wrapper.xcdatamodel;
		};
/* End XCVersionGroup section */
	};
	rootObject = A4390D8429A5271E002BC6C3 /* Project object */;
}
